lockfileVersion: '9.0'

settings:
  autoInstallPeers: true
  excludeLinksFromLockfile: false

importers:
  .:
    dependencies:
      '@mojojs/core':
        specifier: ^1.26.9
        version: 1.26.9
      '@prisma/client':
        specifier: ^6.3.1
        version: 6.3.1(prisma@6.3.1(typescript@5.7.3))(typescript@5.7.3)
      axios:
        specifier: ^1.7.9
        version: 1.7.9
      bcrypt:
        specifier: ^6.0.0
        version: 6.0.0
      ollama:
        specifier: ^0.6.2
        version: 0.6.2
    devDependencies:
      '@trivago/prettier-plugin-sort-imports':
        specifier: ^5.2.0
        version: 5.2.2(prettier@3.4.2)
      '@types/node':
        specifier: ^22.10.7
        version: 22.13.0
      nodemon:
        specifier: ^3.0.0
        version: 3.1.9
      prettier:
        specifier: ^3.4.2
        version: 3.4.2
      prisma:
        specifier: ^6.3.1
        version: 6.3.1(typescript@5.7.3)
      typescript:
        specifier: ^5.7.3
        version: 5.7.3

packages:
  '@babel/code-frame@7.26.2':
    resolution:
      {
        integrity: sha512-RJlIHRueQgwWitWgF8OdFYGZX328Ax5BCemNGlqHfplnRT9ESi8JkFlvaVYbS+UubVY6dpv87Fs2u5M29iNFVQ==,
      }
    engines: { node: '>=6.9.0' }

  '@babel/generator@7.26.5':
    resolution:
      {
        integrity: sha512-2caSP6fN9I7HOe6nqhtft7V4g7/V/gfDsC3Ag4W7kEzzvRGKqiv0pu0HogPiZ3KaVSoNDhUws6IJjDjpfmYIXw==,
      }
    engines: { node: '>=6.9.0' }

  '@babel/helper-string-parser@7.25.9':
    resolution:
      {
        integrity: sha512-4A/SCr/2KLd5jrtOMFzaKjVtAei3+2r/NChoBNoZ3EyP/+GlhoaEGoWOZUmFmoITP7zOJyHIMm+DYRd8o3PvHA==,
      }
    engines: { node: '>=6.9.0' }

  '@babel/helper-validator-identifier@7.25.9':
    resolution:
      {
        integrity: sha512-Ed61U6XJc3CVRfkERJWDz4dJwKe7iLmmJsbOGu9wSloNSFttHV0I8g6UAgb7qnK5ly5bGLPd4oXZlxCdANBOWQ==,
      }
    engines: { node: '>=6.9.0' }

  '@babel/parser@7.26.7':
    resolution:
      {
        integrity: sha512-kEvgGGgEjRUutvdVvZhbn/BxVt+5VSpwXz1j3WYXQbXDo8KzFOPNG2GQbdAiNq8g6wn1yKk7C/qrke03a84V+w==,
      }
    engines: { node: '>=6.0.0' }
    hasBin: true

  '@babel/template@7.25.9':
    resolution:
      {
        integrity: sha512-9DGttpmPvIxBb/2uwpVo3dqJ+O6RooAFOS+lB+xDqoE2PVCE8nfoHMdZLpfCQRLwvohzXISPZcgxt80xLfsuwg==,
      }
    engines: { node: '>=6.9.0' }

  '@babel/traverse@7.26.7':
    resolution:
      {
        integrity: sha512-1x1sgeyRLC3r5fQOM0/xtQKsYjyxmFjaOrLJNtZ81inNjyJHGIolTULPiSc/2qe1/qfpFLisLQYFnnZl7QoedA==,
      }
    engines: { node: '>=6.9.0' }

  '@babel/types@7.26.7':
    resolution:
      {
        integrity: sha512-t8kDRGrKXyp6+tjUh7hw2RLyclsW4TRoRvRHtSyAX9Bb5ldlFh+90YAYY6awRXrlB4G5G2izNeGySpATlFzmOg==,
      }
    engines: { node: '>=6.9.0' }

  '@eslint/compat@1.2.6':
    resolution:
      {
        integrity: sha512-k7HNCqApoDHM6XzT30zGoETj+D+uUcZUb+IVAJmar3u6bvHf7hhHJcWx09QHj4/a2qrKZMWU0E16tvkiAdv06Q==,
      }
    engines: { node: ^18.18.0 || ^20.9.0 || >=21.1.0 }
    peerDependencies:
      eslint: ^9.10.0
    peerDependenciesMeta:
      eslint:
        optional: true

  '@jridgewell/gen-mapping@0.3.8':
    resolution:
      {
        integrity: sha512-imAbBGkb+ebQyxKgzv5Hu2nmROxoDOXHh80evxdoXNOrvAnVx7zimzc1Oo5h9RlfV4vPXaE2iM5pOFbvOCClWA==,
      }
    engines: { node: '>=6.0.0' }

  '@jridgewell/resolve-uri@3.1.2':
    resolution:
      {
        integrity: sha512-bRISgCIjP20/tbWSPWMEi54QVPRZExkuD9lJL+UIxUKtwVJA8wW1Trb1jMs1RFXo1CBTNZ/5hpC9QvmKWdopKw==,
      }
    engines: { node: '>=6.0.0' }

  '@jridgewell/set-array@1.2.1':
    resolution:
      {
        integrity: sha512-R8gLRTZeyp03ymzP/6Lil/28tGeGEzhx1q2k703KGWRAI1VdvPIXdG70VJc2pAMw3NA6JKL5hhFu1sJX0Mnn/A==,
      }
    engines: { node: '>=6.0.0' }

  '@jridgewell/sourcemap-codec@1.5.0':
    resolution:
      {
        integrity: sha512-gv3ZRaISU3fjPAgNsriBRqGWQL6quFx04YMPW/zD8XMLsU32mhCCbfbO6KZFLjvYpCZ8zyDEgqsgf+PwPaM7GQ==,
      }

  '@jridgewell/trace-mapping@0.3.25':
    resolution:
      {
        integrity: sha512-vNk6aEwybGtawWmy/PzwnGDOjCkLWSD2wqvjGGAgOAwCGWySYXfYoxt00IJkTF+8Lb57DwOb3Aa0o9CApepiYQ==,
      }

  '@mojojs/core@1.26.9':
    resolution:
      {
        integrity: sha512-Xe0KloXJ4YpDB4XWoGI1rll7Jv7JKG5I8V6KnTsJZ5HucQ2teLH61L6XWbNBGq/HU6DighlQdky5SORVNfT2bA==,
      }
    engines: { node: '>= 16' }
    hasBin: true

  '@mojojs/dom@2.1.5':
    resolution:
      {
        integrity: sha512-RGpM7tIJZZZ0V+qi777nXXw6fwQin5j8FhnVD21r11YGaViHcOmg8I+dWSLcGIHP1nKgIRoTKBeYyo8a1xOlNw==,
      }
    engines: { node: '>= 18' }

  '@mojojs/path@1.7.0':
    resolution:
      {
        integrity: sha512-ZcVQaRb42cf1EFqo9Kbno4jGgu2kzQmqktD9zskl2+gtPmMv5uKNUOt1IyB5kPo6Qts3x2FYYf06FuSwmo/kxg==,
      }
    engines: { node: '>= 18' }

  '@mojojs/template@2.2.7':
    resolution:
      {
        integrity: sha512-qJx+ckTkIybHHEpi6QKkLxV5oRQD0Vsgf47eYG9RY0V/9/+3WEXqkQBMHfw78w2fozackwa9ksQ1WVFtj7g2Og==,
      }
    engines: { node: '>= 18' }

  '@mojojs/util@1.6.7':
    resolution:
      {
        integrity: sha512-MqFOrBqA678ZlHXTsuWRA1tet4Y+XLW8IKTYcxwESqtNqBuclqDYFAow45GvoDnvFw1RR+uFNLJWhVJ3ZlkVog==,
      }
    engines: { node: '>= 18' }

  '@prisma/client@6.3.1':
    resolution:
      {
        integrity: sha512-ARAJaPs+eBkemdky/XU3cvGRl+mIPHCN2lCXsl5Vlb0E2gV+R6IN7aCI8CisRGszEZondwIsW9Iz8EJkTdykyA==,
      }
    engines: { node: '>=18.18' }
    peerDependencies:
      prisma: '*'
      typescript: '>=5.1.0'
    peerDependenciesMeta:
      prisma:
        optional: true
      typescript:
        optional: true

  '@prisma/debug@6.3.1':
    resolution:
      {
        integrity: sha512-RrEBkd+HLZx+ydfmYT0jUj7wjLiS95wfTOSQ+8FQbvb6vHh5AeKfEPt/XUQ5+Buljj8hltEfOslEW57/wQIVeA==,
      }

  '@prisma/engines-version@6.3.0-17.acc0b9dd43eb689cbd20c9470515d719db10d0b0':
    resolution:
      {
        integrity: sha512-R/ZcMuaWZT2UBmgX3Ko6PAV3f8//ZzsjRIG1eKqp3f2rqEqVtCv+mtzuH2rBPUC9ujJ5kCb9wwpxeyCkLcHVyA==,
      }

  '@prisma/engines@6.3.1':
    resolution:
      {
        integrity: sha512-sXdqEVLyGAJ5/iUoG/Ea5AdHMN71m6PzMBWRQnLmhhOejzqAaEr8rUd623ql6OJpED4s/U4vIn4dg1qkF7vGag==,
      }

  '@prisma/fetch-engine@6.3.1':
    resolution:
      {
        integrity: sha512-HOf/0umOgt+/S2xtZze+FHKoxpVg4YpVxROr6g2YG09VsI3Ipyb+rGvD6QGbCqkq5NTWAAZoOGNL+oy7t+IhaQ==,
      }

  '@prisma/get-platform@6.3.1':
    resolution:
      {
        integrity: sha512-AYLq6Hk9xG73JdLWJ3Ip9Wg/vlP7xPvftGBalsPzKDOHr/ImhwJ09eS8xC2vNT12DlzGxhfk8BkL0ve2OriNhQ==,
      }

  '@trivago/prettier-plugin-sort-imports@5.2.2':
    resolution:
      {
        integrity: sha512-fYDQA9e6yTNmA13TLVSA+WMQRc5Bn/c0EUBditUHNfMMxN7M82c38b1kEggVE3pLpZ0FwkwJkUEKMiOi52JXFA==,
      }
    engines: { node: '>18.12' }
    peerDependencies:
      '@vue/compiler-sfc': 3.x
      prettier: 2.x - 3.x
      prettier-plugin-svelte: 3.x
      svelte: 4.x || 5.x
    peerDependenciesMeta:
      '@vue/compiler-sfc':
        optional: true
      prettier-plugin-svelte:
        optional: true
      svelte:
        optional: true

  '@types/node@22.13.0':
    resolution:
      {
        integrity: sha512-ClIbNe36lawluuvq3+YYhnIN2CELi+6q8NpnM7PYp4hBn/TatfboPgVSm2rwKRfnV2M+Ty9GWDFI64KEe+kysA==,
      }

  abbrev@3.0.0:
    resolution:
      {
        integrity: sha512-+/kfrslGQ7TNV2ecmQwMJj/B65g5KVq1/L3SGVZ3tCYGqlzFuFCGBZJtMP99wH3NpEUyAjn0zPdPUg0D+DwrOA==,
      }
    engines: { node: ^18.17.0 || >=20.5.0 }

  ajv@8.17.1:
    resolution:
      {
        integrity: sha512-B/gBuNg5SiMTrPkC+A2+cW0RszwxYmn6VYxB/inlBStS5nx6xHIt/ehKRhIMhqusl7a8LjQoZnjCs5vhwxOQ1g==,
      }

  anymatch@3.1.3:
    resolution:
      {
        integrity: sha512-KMReFUr0B4t+D+OBkjR3KYqvocp2XaSzO55UcB6mgQMd3KbcE+mWTyvVV7D/zsdEbNnV6acZUutkiHQXvTr1Rw==,
      }
    engines: { node: '>= 8' }

  argparse@2.0.1:
    resolution:
      {
        integrity: sha512-8+9WqebbFzpX9OR+Wa6O29asIogeRMzcGtAINdpMHHyAg10f05aSFVBbcEqGf/PXw1EjAZ+q2/bEBg3DvurK3Q==,
      }

  asynckit@0.4.0:
    resolution:
      {
        integrity: sha512-Oei9OH4tRh0YqU3GxhX79dM/mwVgvbZJaSNaRk+bshkj0S5cfHcgYakreBjrHwatXKbz+IoIdYLxrKim2MjW0Q==,
      }

  axios@1.7.9:
    resolution:
      {
        integrity: sha512-LhLcE7Hbiryz8oMDdDptSrWowmB4Bl6RCt6sIJKpRB4XtVf0iEgewX3au/pJqm+Py1kCASkb/FFKjxQaLtxJvw==,
      }

  balanced-match@1.0.2:
    resolution:
      {
        integrity: sha512-3oSeUO0TMV67hN1AmbXsK4yaqU7tjiHlbxRDZOpH0KW9+CeX4bRAaX0Anxt0tx2MrpRpWwQaPwIlISEJhYU5Pw==,
      }

  bcrypt@6.0.0:
    resolution:
      {
        integrity: sha512-cU8v/EGSrnH+HnxV2z0J7/blxH8gq7Xh2JFT6Aroax7UohdmiJJlxApMxtKfuI7z68NvvVcmR78k2LbT6efhRg==,
      }
    engines: { node: '>= 18' }

  binary-extensions@2.3.0:
    resolution:
      {
        integrity: sha512-Ceh+7ox5qe7LJuLHoY0feh3pHuUDHAcRUeyL2VYghZwfpkNIy/+8Ocg0a3UuSoYzavmylwuLWQOf3hl0jjMMIw==,
      }
    engines: { node: '>=8' }

  brace-expansion@1.1.11:
    resolution:
      {
        integrity: sha512-iCuPHDFgrHX7H2vEI/5xpz07zSHB00TpugqhmYtVmMO6518mCuRMoOYFldEBl0g187ufozdaHgWKcYFb61qGiA==,
      }

  braces@3.0.3:
    resolution:
      {
        integrity: sha512-yQbXgO/OSZVD2IsiLlro+7Hf6Q18EJrKSEsdoMzKePKXct3gvD8oLcOQdIzGupr5Fj+EDe8gO/lxc1BzfMpxvA==,
      }
    engines: { node: '>=8' }

  busboy@1.6.0:
    resolution:
      {
        integrity: sha512-8SFQbg/0hQ9xy3UNTB0YEnsNBbWfhf7RtnzpL7TkBiTBRfrQ9Fxcnz7VJsleJpyp6rVLvXiuORqjlHi5q+PYuA==,
      }
    engines: { node: '>=10.16.0' }

  chalk@5.4.1:
    resolution:
      {
        integrity: sha512-zgVZuo2WcZgfUEmsn6eO3kINexW8RAE4maiQ8QNs8CtpPCSyMiYsULR3HQYkm3w8FIA3SberyMJMSldGsW+U3w==,
      }
    engines: { node: ^12.17.0 || ^14.13 || >=16.0.0 }

  chokidar@3.6.0:
    resolution:
      {
        integrity: sha512-7VT13fmjotKpGipCW9JEQAusEPE+Ei8nl6/g4FBAmIm0GOOLMua9NDDo/DWp0ZAxCr3cPq5ZpBqmPAQgDda2Pw==,
      }
    engines: { node: '>= 8.10.0' }

  combined-stream@1.0.8:
    resolution:
      {
        integrity: sha512-FQN4MRfuJeHf7cBbBMJFXhKSDq+2kAArBlmRBvcvFE5BB1HZKXtSFASDhdlz9zOYwxh8lDdnvmMOe/+5cdoEdg==,
      }
    engines: { node: '>= 0.8' }

  concat-map@0.0.1:
    resolution:
      {
        integrity: sha512-/Srv4dswyQNBfohGpz9o6Yb3Gz3SrUDqBH5rTuhGR7ahtlbYKnVxw2bCFMRljaA7EXHaXZ8wsHdodFvbkhKmqg==,
      }

  debug@4.4.0:
    resolution:
      {
        integrity: sha512-6WTZ/IxCY/T6BALoZHaE4ctp9xm+Z5kY/pzYaCHRFeyVhojxlrm+46y68HA6hr0TcwEssoxNiDEUJQjfPZ/RYA==,
      }
    engines: { node: '>=6.0' }
    peerDependencies:
      supports-color: '*'
    peerDependenciesMeta:
      supports-color:
        optional: true

  delayed-stream@1.0.0:
    resolution:
      {
        integrity: sha512-ZySD7Nf91aLB0RxL4KGrKHBXl7Eds1DAmEdcoVawXnLD7SDhpNgtuII2aAkg7a7QS41jxPSZ17p4VdGnMHk3MQ==,
      }
    engines: { node: '>=0.4.0' }

  escape-string-regexp@2.0.0:
    resolution:
      {
        integrity: sha512-UpzcLCXolUWcNu5HtVMHYdXJjArjsF9C0aNnquZYY4uW/Vu0miy5YoWvbV345HauVvcAUnpRuhMMcqTcGOY2+w==,
      }
    engines: { node: '>=8' }

  fast-deep-equal@3.1.3:
    resolution:
      {
        integrity: sha512-f3qQ9oQy9j2AhBe/H9VC91wLmKBCCU/gDOnKNAYG5hswO7BLKj09Hc5HYNz9cGI++xlpDCIgDaitVs03ATR84Q==,
      }

  fast-uri@3.0.6:
    resolution:
      {
        integrity: sha512-Atfo14OibSv5wAp4VWNsFYE1AchQRTv9cBGWET4pZWHzYshFSS9NQI6I57rdKn9croWVMbYFbLhJ+yJvmZIIHw==,
      }

  fill-range@7.1.1:
    resolution:
      {
        integrity: sha512-YsGpe3WHLK8ZYi4tWDg2Jy3ebRz2rXowDxnld4bkQB00cc/1Zw9AWnC0i9ztDJitivtQvaI9KaLyKrc+hBW0yg==,
      }
    engines: { node: '>=8' }

  follow-redirects@1.15.9:
    resolution:
      {
        integrity: sha512-gew4GsXizNgdoRyqmyfMHyAmXsZDk6mHkSxZFCzW9gwlbtOW44CDtYavM+y+72qD/Vq2l550kMF52DT8fOLJqQ==,
      }
    engines: { node: '>=4.0' }
    peerDependencies:
      debug: '*'
    peerDependenciesMeta:
      debug:
        optional: true

  form-data@4.0.1:
    resolution:
      {
        integrity: sha512-tzN8e4TX8+kkxGPK8D5u0FNmjPUjw3lwC9lSLxxoB/+GtsJG91CO8bSWy73APlgAZzZbXEYZJuxjkHH2w+Ezhw==,
      }
    engines: { node: '>= 6' }

  fsevents@2.3.3:
    resolution:
      {
        integrity: sha512-5xoDfX+fL7faATnagmWPpbFtwh/R77WmMMqqHGS65C3vvB0YHrgF+B1YmZ3441tMj5n63k0212XNoJwzlhffQw==,
      }
    engines: { node: ^8.16.0 || ^10.6.0 || >=11.0.0 }
    os: [darwin]

  glob-parent@5.1.2:
    resolution:
      {
        integrity: sha512-AOIgSQCepiJYwP3ARnGx+5VnTu2HBYdzbGP45eLw1vr3zB3vZLeyed1sC9hnbcOc9/SrMyM5RPQrkGz4aS9Zow==,
      }
    engines: { node: '>= 6' }

  globals@11.12.0:
    resolution:
      {
        integrity: sha512-WOBp/EEGUiIsJSp7wcv/y6MO+lV9UoncWqxuFfm8eBwzWNgyfBd6Gz+IeKQ9jCmyhoH99g15M3T+QaVHFjizVA==,
      }
    engines: { node: '>=4' }

  has-flag@3.0.0:
    resolution:
      {
        integrity: sha512-sKJf1+ceQBr4SMkvQnBDNDtf4TXpVhVGateu0t918bl30FnbE2m4vNLX+VWe/dpjlb+HugGYzW7uQXH98HPEYw==,
      }
    engines: { node: '>=4' }

  ignore-by-default@1.0.1:
    resolution:
      {
        integrity: sha512-Ius2VYcGNk7T90CppJqcIkS5ooHUZyIQK+ClZfMfMNFEF9VSE73Fq+906u/CWu92x4gzZMWOwfFYckPObzdEbA==,
      }

  is-binary-path@2.1.0:
    resolution:
      {
        integrity: sha512-ZMERYes6pDydyuGidse7OsHxtbI7WVeUEozgR/g7rd0xUimYNlvZRE/K2MgZTjWy725IfelLeVcEM97mmtRGXw==,
      }
    engines: { node: '>=8' }

  is-extglob@2.1.1:
    resolution:
      {
        integrity: sha512-SbKbANkN603Vi4jEZv49LeVJMn4yGwsbzZworEoyEiutsN3nJYdbO36zfhGJ6QEDpOZIFkDtnq5JRxmvl3jsoQ==,
      }
    engines: { node: '>=0.10.0' }

  is-glob@4.0.3:
    resolution:
      {
        integrity: sha512-xelSayHH36ZgE7ZWhli7pW34hNbNl8Ojv5KVmkJD4hBdD3th8Tfk9vYasLM+mXWOZhFkgZfxhLSnrwRr4elSSg==,
      }
    engines: { node: '>=0.10.0' }

  is-number@7.0.0:
    resolution:
      {
        integrity: sha512-41Cifkg6e8TylSpdtTpeLVMqvSBEVzTttHvERD741+pnZ8ANv0004MRL43QKPDlK9cGvNp6NZWZUBlbGXYxxng==,
      }
    engines: { node: '>=0.12.0' }

  javascript-natural-sort@0.7.1:
    resolution:
      {
        integrity: sha512-nO6jcEfZWQXDhOiBtG2KvKyEptz7RVbpGP4vTD2hLBdmNQSsCiicO2Ioinv6UI4y9ukqnBpy+XZ9H6uLNgJTlw==,
      }

  js-tokens@4.0.0:
    resolution:
      {
        integrity: sha512-RdJUflcE3cUzKiMqQgsCu06FPu9UdIJO0beYbPhHN4k6apgJtifcoCtT9bcxOpYBtpD2kCM6Sbzg4CausW/PKQ==,
      }

  js-yaml@4.1.0:
    resolution:
      {
        integrity: sha512-wpxZs9NoxZaJESJGIZTyDEaYpl0FKSA+FB9aJiyemKhMwkxQg63h4T1KJgUGHpTqPDNRcmmYLugrRjJlBtWvRA==,
      }
    hasBin: true

  jsesc@3.1.0:
    resolution:
      {
        integrity: sha512-/sM3dO2FOzXjKQhJuo0Q173wf2KOo8t4I8vHy6lF9poUp7bKT0/NHE8fPX23PwfhnykfqnC2xRxOnVw5XuGIaA==,
      }
    engines: { node: '>=6' }
    hasBin: true

  json-schema-traverse@1.0.0:
    resolution:
      {
        integrity: sha512-NM8/P9n3XjXhIZn1lLhkFaACTOURQXjWhV4BA/RnOv8xvgqtqpAX9IO4mRQxSx1Rlo4tqzeqb0sOlruaOy3dug==,
      }

  lodash@4.17.21:
    resolution:
      {
        integrity: sha512-v2kDEe57lecTulaDIuNTPy3Ry4gLGJ6Z1O3vE1krgXZNrsQ+LFTGHVxVjcXPs17LhbZVGedAJv8XZ1tvj5FvSg==,
      }

  mime-db@1.52.0:
    resolution:
      {
        integrity: sha512-sPU4uV7dYlvtWJxwwxHD0PuihVNiE7TyAbQ5SWxDCB9mUYvOgroQOwYQQOKPJ8CIbE+1ETVlOoK1UC2nU3gYvg==,
      }
    engines: { node: '>= 0.6' }

  mime-types@2.1.35:
    resolution:
      {
        integrity: sha512-ZDY+bPm5zTTF+YpCrAU9nK0UgICYPT0QtT1NZWFv4s++TNkcgVaT0g6+4R2uI4MjQjzysHB1zxuWL50hzaeXiw==,
      }
    engines: { node: '>= 0.6' }

  minimatch@3.1.2:
    resolution:
      {
        integrity: sha512-J7p63hRiAjw1NDEww1W7i37+ByIrOWO5XQQAzZ3VOcL0PNybwpfmV/N05zFAzwQ9USyEcX6t3UO+K5aqBQOIHw==,
      }

  ms@2.1.3:
    resolution:
      {
        integrity: sha512-6FlzubTLZG3J2a/NVCAleEhjzq5oxgHyaCU9yYXvcLsvoVaHJq/s5xXI6/XXP6tz7R9xAOtHnSO/tXtF3WRTlA==,
      }

  node-addon-api@8.5.0:
    resolution:
      {
        integrity: sha512-/bRZty2mXUIFY/xU5HLvveNHlswNJej+RnxBjOMkidWfwZzgTbPG1E3K5TOxRLOR+5hX7bSofy8yf1hZevMS8A==,
      }
    engines: { node: ^18 || ^20 || >= 21 }

  node-gyp-build@4.8.4:
    resolution:
      {
        integrity: sha512-LA4ZjwlnUblHVgq0oBF3Jl/6h/Nvs5fzBLwdEF4nuxnFdsfajde4WfxtJr3CaiH+F6ewcIB/q4jQ4UzPyid+CQ==,
      }
    hasBin: true

  nodemon@3.1.9:
    resolution:
      {
        integrity: sha512-hdr1oIb2p6ZSxu3PB2JWWYS7ZQ0qvaZsc3hK8DR8f02kRzc8rjYmxAIvdz+aYC+8F2IjNaB7HMcSDg8nQpJxyg==,
      }
    engines: { node: '>=10' }
    hasBin: true

  nopt@8.1.0:
    resolution:
      {
        integrity: sha512-ieGu42u/Qsa4TFktmaKEwM6MQH0pOWnaB3htzh0JRtx84+Mebc0cbZYN5bC+6WTZ4+77xrL9Pn5m7CV6VIkV7A==,
      }
    engines: { node: ^18.17.0 || >=20.5.0 }
    hasBin: true

  normalize-path@3.0.0:
    resolution:
      {
        integrity: sha512-6eZs5Ls3WtCisHWp9S2GUy8dqkpGi4BVSz3GaqiE6ezub0512ESztXUwUB6C6IKbQkY2Pnb/mD4WYojCRwcwLA==,
      }
    engines: { node: '>=0.10.0' }

  ollama@0.6.2:
    resolution:
      {
        integrity: sha512-VcPZpBuz3kdoJIcyWpiDS1MSDSZKyQPM6f9wi405vdLOB5yZWiQ+m7NSTrYsntQyCp/s/Yy0quKiYerhq7Liog==,
      }

  picocolors@1.1.1:
    resolution:
      {
        integrity: sha512-xceH2snhtb5M9liqDsmEw56le376mTZkEX/jEb/RxNFyegNul7eNslCXP9FDj/Lcu0X8KEyMceP2ntpaHrDEVA==,
      }

  picomatch@2.3.1:
    resolution:
      {
        integrity: sha512-JU3teHTNjmE2VCGFzuY8EXzCDVwEqB2a8fsIvwaStHhAWJEeVd1o1QD80CU6+ZdEXXSLbSsuLwJjkCBWqRQUVA==,
      }
    engines: { node: '>=8.6' }

  prettier@3.4.2:
    resolution:
      {
        integrity: sha512-e9MewbtFo+Fevyuxn/4rrcDAaq0IYxPGLvObpQjiZBMAzB9IGmzlnG9RZy3FFas+eBMu2vA0CszMeduow5dIuQ==,
      }
    engines: { node: '>=14' }
    hasBin: true

  prisma@6.3.1:
    resolution:
      {
        integrity: sha512-JKCZWvBC3enxk51tY4TWzS4b5iRt4sSU1uHn2I183giZTvonXaQonzVtjLzpOHE7qu9MxY510kAtFGJwryKe3Q==,
      }
    engines: { node: '>=18.18' }
    hasBin: true
    peerDependencies:
      typescript: '>=5.1.0'
    peerDependenciesMeta:
      typescript:
        optional: true

  proxy-from-env@1.1.0:
    resolution:
      {
        integrity: sha512-D+zkORCbA9f1tdWRK0RaCR3GPv50cMxcrz4X8k5LTSUD1Dkw47mKJEZQNunItRTkWwgtaUSo1RVFRIG9ZXiFYg==,
      }

  psl@1.15.0:
    resolution:
      {
        integrity: sha512-JZd3gMVBAVQkSs6HdNZo9Sdo0LNcQeMNP3CozBJb3JYC/QUYZTnKxP+f8oWRX4rHP5EurWxqAHTSwUCjlNKa1w==,
      }

  pstree.remy@1.1.8:
    resolution:
      {
        integrity: sha512-77DZwxQmxKnu3aR542U+X8FypNzbfJ+C5XQDk3uWjWxn6151aIMGthWYRXTqT1E5oJvg+ljaa2OJi+VfvCOQ8w==,
      }

  punycode@2.3.1:
    resolution:
      {
        integrity: sha512-vYt7UD1U9Wg6138shLtLOvdAu+8DsC/ilFtEVHcH+wydcSpNE20AfSOduf6MkRFahL5FY7X1oU7nKVZFtfq8Fg==,
      }
    engines: { node: '>=6' }

  querystringify@2.2.0:
    resolution:
      {
        integrity: sha512-FIqgj2EUvTa7R50u0rGsyTftzjYmv/a3hO345bZNrqabNqjtgiDMgmo4mkUjd+nzU5oF3dClKqFIPUKybUyqoQ==,
      }

  readdirp@3.6.0:
    resolution:
      {
        integrity: sha512-hOS089on8RduqdbhvQ5Z37A0ESjsqz6qnRcffsMU3495FuTdqSm+7bhJ29JvIOsBDEEnan5DPu9t3To9VRlMzA==,
      }
    engines: { node: '>=8.10.0' }

  require-from-string@2.0.2:
    resolution:
      {
        integrity: sha512-Xf0nWe6RseziFMu+Ap9biiUbmplq6S9/p+7w7YXP/JBHhrUDDUhwa+vANyubuqfZWTveU//DYVGsDG7RKL/vEw==,
      }
    engines: { node: '>=0.10.0' }

  requires-port@1.0.0:
    resolution:
      {
        integrity: sha512-KigOCHcocU3XODJxsu8i/j8T9tzT4adHiecwORRQ0ZZFcp7ahwXuRU1m+yuO90C5ZUyGeGfocHDI14M3L3yDAQ==,
      }

  semver@7.7.0:
    resolution:
      {
        integrity: sha512-DrfFnPzblFmNrIZzg5RzHegbiRWg7KMR7btwi2yjHwx06zsUbO5g613sVwEV7FTwmzJu+Io0lJe2GJ3LxqpvBQ==,
      }
    engines: { node: '>=10' }
    hasBin: true

  simple-update-notifier@2.0.0:
    resolution:
      {
        integrity: sha512-a2B9Y0KlNXl9u/vsW6sTIu9vGEpfKu2wRV6l1H3XEas/0gUIzGzBoP/IouTcUQbm9JWZLH3COxyn03TYlFax6w==,
      }
    engines: { node: '>=10' }

  stack-utils@2.0.6:
    resolution:
      {
        integrity: sha512-XlkWvfIm6RmsWtNJx+uqtKLS8eqFbxUg0ZzLXqY0caEy9l7hruX8IpiDnjsLavoBgqCCR71TqWO8MaXYheJ3RQ==,
      }
    engines: { node: '>=10' }

  streamsearch@1.1.0:
    resolution:
      {
        integrity: sha512-Mcc5wHehp9aXz1ax6bZUyY5afg9u2rv5cqQI3mRrYkGC8rW2hM02jWuwjtL++LS5qinSyhj2QfLyNsuc+VsExg==,
      }
    engines: { node: '>=10.0.0' }

  supports-color@5.5.0:
    resolution:
      {
        integrity: sha512-QjVjwdXIt408MIiAqCX4oUKsgU2EqAGzs2Ppkm4aQYbjm+ZEWEcW4SfFNTr4uMNZma0ey4f5lgLrkB0aX0QMow==,
      }
    engines: { node: '>=4' }

  to-regex-range@5.0.1:
    resolution:
      {
        integrity: sha512-65P7iz6X5yEr1cwcgvQxbbIw7Uk3gOy5dIdtZ4rDveLqhrdJP+Li/Hx6tyK0NEb+2GCyneCMJiGqrADCSNk8sQ==,
      }
    engines: { node: '>=8.0' }

  touch@3.1.1:
    resolution:
      {
        integrity: sha512-r0eojU4bI8MnHr8c5bNo7lJDdI2qXlWWJk6a9EAFG7vbhTjElYhBVS3/miuE0uOuoLdb8Mc/rVfsmm6eo5o9GA==,
      }
    hasBin: true

  tough-cookie@4.1.4:
    resolution:
      {
        integrity: sha512-Loo5UUvLD9ScZ6jh8beX1T6sO1w2/MpCRpEP7V280GKMVUQ0Jzar2U3UJPsrdbziLEMMhu3Ujnq//rhiFuIeag==,
      }
    engines: { node: '>=6' }

  typescript@5.7.3:
    resolution:
      {
        integrity: sha512-84MVSjMEHP+FQRPy3pX9sTVV/INIex71s9TL2Gm5FG/WG1SqXeKyZ0k7/blY/4FdOzI12CBy1vGc4og/eus0fw==,
      }
    engines: { node: '>=14.17' }
    hasBin: true

  undefsafe@2.0.5:
    resolution:
      {
        integrity: sha512-WxONCrssBM8TSPRqN5EmsjVrsv4A8X12J4ArBiiayv3DyyG3ZlIg6yysuuSYdZsVz3TKcTg2fd//Ujd4CHV1iA==,
      }

  undici-types@6.20.0:
    resolution:
      {
        integrity: sha512-Ny6QZ2Nju20vw1SRHe3d9jVu6gJ+4e3+MMpqu7pqE5HT6WsTSlce++GQmK5UXS8mzV8DSYHrQH+Xrf2jVcuKNg==,
      }

  universalify@0.2.0:
    resolution:
      {
        integrity: sha512-CJ1QgKmNg3CwvAv/kOFmtnEN05f0D/cn9QntgNOQlQF9dgvVTHj3t+8JPdjqawCHk7V/KA+fbUqzZ9XWhcqPUg==,
      }
    engines: { node: '>= 4.0.0' }

  url-parse@1.5.10:
    resolution:
      {
        integrity: sha512-WypcfiRhfeUP9vvF0j6rw0J3hrWrw6iZv3+22h6iRMJ/8z1Tj6XfLP4DsUix5MhMPnXpiHDoKyoZ/bdCkwBCiQ==,
      }

  whatwg-fetch@3.6.20:
    resolution:
      {
        integrity: sha512-EqhiFU6daOA8kpjOWTL0olhVOF3i7OrFzSYiGsEMB8GcXS+RrzauAERX65xMeNWVqxA6HXH2m69Z9LaKKdisfg==,
      }

  ws@8.18.0:
    resolution:
      {
        integrity: sha512-8VbfWfHLbbwu3+N6OKsOMpBdT4kXPDDB9cJk2bJ6mh9ucxdlnNvH1e+roYkKmN9Nxw2yjz7VzeO9oOz2zJ04Pw==,
      }
    engines: { node: '>=10.0.0' }
    peerDependencies:
      bufferutil: ^4.0.1
      utf-8-validate: '>=5.0.2'
    peerDependenciesMeta:
      bufferutil:
        optional: true
      utf-8-validate:
        optional: true

snapshots:
  '@babel/code-frame@7.26.2':
    dependencies:
      '@babel/helper-validator-identifier': 7.25.9
      js-tokens: 4.0.0
      picocolors: 1.1.1

  '@babel/generator@7.26.5':
    dependencies:
      '@babel/parser': 7.26.7
      '@babel/types': 7.26.7
      '@jridgewell/gen-mapping': 0.3.8
      '@jridgewell/trace-mapping': 0.3.25
      jsesc: 3.1.0

  '@babel/helper-string-parser@7.25.9': {}

  '@babel/helper-validator-identifier@7.25.9': {}

  '@babel/parser@7.26.7':
    dependencies:
      '@babel/types': 7.26.7

  '@babel/template@7.25.9':
    dependencies:
      '@babel/code-frame': 7.26.2
      '@babel/parser': 7.26.7
      '@babel/types': 7.26.7

  '@babel/traverse@7.26.7':
    dependencies:
      '@babel/code-frame': 7.26.2
      '@babel/generator': 7.26.5
      '@babel/parser': 7.26.7
      '@babel/template': 7.25.9
      '@babel/types': 7.26.7
      debug: 4.4.0(supports-color@5.5.0)
      globals: 11.12.0
    transitivePeerDependencies:
      - supports-color

  '@babel/types@7.26.7':
    dependencies:
      '@babel/helper-string-parser': 7.25.9
      '@babel/helper-validator-identifier': 7.25.9

  '@eslint/compat@1.2.6': {}

  '@jridgewell/gen-mapping@0.3.8':
    dependencies:
      '@jridgewell/set-array': 1.2.1
      '@jridgewell/sourcemap-codec': 1.5.0
      '@jridgewell/trace-mapping': 0.3.25

  '@jridgewell/resolve-uri@3.1.2': {}

  '@jridgewell/set-array@1.2.1': {}

  '@jridgewell/sourcemap-codec@1.5.0': {}

  '@jridgewell/trace-mapping@0.3.25':
    dependencies:
      '@jridgewell/resolve-uri': 3.1.2
      '@jridgewell/sourcemap-codec': 1.5.0

  '@mojojs/core@1.26.9':
    dependencies:
      '@eslint/compat': 1.2.6
      '@mojojs/dom': 2.1.5
      '@mojojs/path': 1.7.0
      '@mojojs/template': 2.2.7
      '@mojojs/util': 1.6.7
      ajv: 8.17.1
      busboy: 1.6.0
      chalk: 5.4.1
      form-data: 4.0.1
      js-yaml: 4.1.0
      mime-types: 2.1.35
      nopt: 8.1.0
      stack-utils: 2.0.6
      tough-cookie: 4.1.4
      ws: 8.18.0
    transitivePeerDependencies:
      - bufferutil
      - eslint
      - utf-8-validate

  '@mojojs/dom@2.1.5':
    dependencies:
      '@mojojs/util': 1.6.7

  '@mojojs/path@1.7.0':
    dependencies:
      stack-utils: 2.0.6

  '@mojojs/template@2.2.7':
    dependencies:
      '@mojojs/util': 1.6.7

  '@mojojs/util@1.6.7': {}

  '@prisma/client@6.3.1(prisma@6.3.1(typescript@5.7.3))(typescript@5.7.3)':
    optionalDependencies:
      prisma: 6.3.1(typescript@5.7.3)
      typescript: 5.7.3

  '@prisma/debug@6.3.1': {}

  '@prisma/engines-version@6.3.0-17.acc0b9dd43eb689cbd20c9470515d719db10d0b0':
    {}

  '@prisma/engines@6.3.1':
    dependencies:
      '@prisma/debug': 6.3.1
      '@prisma/engines-version': 6.3.0-17.acc0b9dd43eb689cbd20c9470515d719db10d0b0
      '@prisma/fetch-engine': 6.3.1
      '@prisma/get-platform': 6.3.1

  '@prisma/fetch-engine@6.3.1':
    dependencies:
      '@prisma/debug': 6.3.1
      '@prisma/engines-version': 6.3.0-17.acc0b9dd43eb689cbd20c9470515d719db10d0b0
      '@prisma/get-platform': 6.3.1

  '@prisma/get-platform@6.3.1':
    dependencies:
      '@prisma/debug': 6.3.1

  '@trivago/prettier-plugin-sort-imports@5.2.2(prettier@3.4.2)':
    dependencies:
      '@babel/generator': 7.26.5
      '@babel/parser': 7.26.7
      '@babel/traverse': 7.26.7
      '@babel/types': 7.26.7
      javascript-natural-sort: 0.7.1
      lodash: 4.17.21
      prettier: 3.4.2
    transitivePeerDependencies:
      - supports-color

  '@types/node@22.13.0':
    dependencies:
      undici-types: 6.20.0

  abbrev@3.0.0: {}

  ajv@8.17.1:
    dependencies:
      fast-deep-equal: 3.1.3
      fast-uri: 3.0.6
      json-schema-traverse: 1.0.0
      require-from-string: 2.0.2

  anymatch@3.1.3:
    dependencies:
      normalize-path: 3.0.0
      picomatch: 2.3.1

  argparse@2.0.1: {}

  asynckit@0.4.0: {}

  axios@1.7.9:
    dependencies:
      follow-redirects: 1.15.9
      form-data: 4.0.1
      proxy-from-env: 1.1.0
    transitivePeerDependencies:
      - debug

  balanced-match@1.0.2: {}

  bcrypt@6.0.0:
    dependencies:
      node-addon-api: 8.5.0
      node-gyp-build: 4.8.4

  binary-extensions@2.3.0: {}

  brace-expansion@1.1.11:
    dependencies:
      balanced-match: 1.0.2
      concat-map: 0.0.1

  braces@3.0.3:
    dependencies:
      fill-range: 7.1.1

  busboy@1.6.0:
    dependencies:
      streamsearch: 1.1.0

  chalk@5.4.1: {}

  chokidar@3.6.0:
    dependencies:
      anymatch: 3.1.3
      braces: 3.0.3
      glob-parent: 5.1.2
      is-binary-path: 2.1.0
      is-glob: 4.0.3
      normalize-path: 3.0.0
      readdirp: 3.6.0
    optionalDependencies:
      fsevents: 2.3.3

  combined-stream@1.0.8:
    dependencies:
      delayed-stream: 1.0.0

  concat-map@0.0.1: {}

  debug@4.4.0(supports-color@5.5.0):
    dependencies:
      ms: 2.1.3
    optionalDependencies:
      supports-color: 5.5.0

  delayed-stream@1.0.0: {}

  escape-string-regexp@2.0.0: {}

  fast-deep-equal@3.1.3: {}

  fast-uri@3.0.6: {}

  fill-range@7.1.1:
    dependencies:
      to-regex-range: 5.0.1

  follow-redirects@1.15.9: {}

  form-data@4.0.1:
    dependencies:
      asynckit: 0.4.0
      combined-stream: 1.0.8
      mime-types: 2.1.35

  fsevents@2.3.3:
    optional: true

  glob-parent@5.1.2:
    dependencies:
      is-glob: 4.0.3

  globals@11.12.0: {}

  has-flag@3.0.0: {}

  ignore-by-default@1.0.1: {}

  is-binary-path@2.1.0:
    dependencies:
      binary-extensions: 2.3.0

  is-extglob@2.1.1: {}

  is-glob@4.0.3:
    dependencies:
      is-extglob: 2.1.1

  is-number@7.0.0: {}

  javascript-natural-sort@0.7.1: {}

  js-tokens@4.0.0: {}

  js-yaml@4.1.0:
    dependencies:
      argparse: 2.0.1

  jsesc@3.1.0: {}

  json-schema-traverse@1.0.0: {}

  lodash@4.17.21: {}

  mime-db@1.52.0: {}

  mime-types@2.1.35:
    dependencies:
      mime-db: 1.52.0

  minimatch@3.1.2:
    dependencies:
      brace-expansion: 1.1.11

  ms@2.1.3: {}

  node-addon-api@8.5.0: {}

  node-gyp-build@4.8.4: {}

  nodemon@3.1.9:
    dependencies:
      chokidar: 3.6.0
      debug: 4.4.0(supports-color@5.5.0)
      ignore-by-default: 1.0.1
      minimatch: 3.1.2
      pstree.remy: 1.1.8
      semver: 7.7.0
      simple-update-notifier: 2.0.0
      supports-color: 5.5.0
      touch: 3.1.1
      undefsafe: 2.0.5

  nopt@8.1.0:
    dependencies:
      abbrev: 3.0.0

  normalize-path@3.0.0: {}

  ollama@0.6.2:
    dependencies:
      whatwg-fetch: 3.6.20

  picocolors@1.1.1: {}

  picomatch@2.3.1: {}

  prettier@3.4.2: {}

  prisma@6.3.1(typescript@5.7.3):
    dependencies:
      '@prisma/engines': 6.3.1
    optionalDependencies:
      fsevents: 2.3.3
      typescript: 5.7.3

  proxy-from-env@1.1.0: {}

  psl@1.15.0:
    dependencies:
      punycode: 2.3.1

  pstree.remy@1.1.8: {}

  punycode@2.3.1: {}

  querystringify@2.2.0: {}

  readdirp@3.6.0:
    dependencies:
      picomatch: 2.3.1

  require-from-string@2.0.2: {}

  requires-port@1.0.0: {}

  semver@7.7.0: {}

  simple-update-notifier@2.0.0:
    dependencies:
      semver: 7.7.0

  stack-utils@2.0.6:
    dependencies:
      escape-string-regexp: 2.0.0

  streamsearch@1.1.0: {}

  supports-color@5.5.0:
    dependencies:
      has-flag: 3.0.0

  to-regex-range@5.0.1:
    dependencies:
      is-number: 7.0.0

  touch@3.1.1: {}

  tough-cookie@4.1.4:
    dependencies:
      psl: 1.15.0
      punycode: 2.3.1
      universalify: 0.2.0
      url-parse: 1.5.10

  typescript@5.7.3: {}

  undefsafe@2.0.5: {}

  undici-types@6.20.0: {}

  universalify@0.2.0: {}

  url-parse@1.5.10:
    dependencies:
      querystringify: 2.2.0
      requires-port: 1.0.0

  whatwg-fetch@3.6.20: {}

  ws@8.18.0: {}
